
Microsoft Visual Studio Solution File, Format Version 12.00
# Visual Studio 15
VisualStudioVersion = 15.0.28307.168
MinimumVisualStudioVersion = 10.0.40219.1
Project("{FAE04EC0-301F-11D3-BF4B-00C04F79EFBC}") = "co.itmasters.solucion.vo", "co.itmasters.solucion.vo\co.itmasters.solucion.vo.csproj", "{7FDE8F90-790F-4549-8E36-82F157151C06}"
EndProject
Project("{FAE04EC0-301F-11D3-BF4B-00C04F79EFBC}") = "co.itmasters.solucion.dao", "co.itmasters.solucion.dao\co.itmasters.solucion.dao.csproj", "{D56258FF-D167-4F32-BC69-9DA176B75344}"
EndProject
Project("{FAE04EC0-301F-11D3-BF4B-00C04F79EFBC}") = "co.itmasters.solucion.negocio", "co.itmasters.solucion.negocio\co.itmasters.solucion.negocio.csproj", "{4327B2B8-BA82-40B1-8746-2DFE25BC0FC7}"
EndProject
Project("{FAE04EC0-301F-11D3-BF4B-00C04F79EFBC}") = "co.itmasters.solucion.servicios", "co.itmasters.solucion.servicios\co.itmasters.solucion.servicios.csproj", "{E66926FF-5B0B-44E4-A38F-E1F793A2C93F}"
EndProject
Project("{FAE04EC0-301F-11D3-BF4B-00C04F79EFBC}") = "co.itmasters.solucion.web", "co.itmasters.solucion.web\co.itmasters.solucion.web.csproj", "{49A516B0-4936-4735-B563-6159A9991AD8}"
	ProjectSection(ProjectDependencies) = postProject
		{E66926FF-5B0B-44E4-A38F-E1F793A2C93F} = {E66926FF-5B0B-44E4-A38F-E1F793A2C93F}
	EndProjectSection
EndProject
Global
	GlobalSection(SolutionConfigurationPlatforms) = preSolution
		Debug|Any CPU = Debug|Any CPU
		Debug|x64 = Debug|x64
		Release|Any CPU = Release|Any CPU
		Release|x64 = Release|x64
	EndGlobalSection
	GlobalSection(ProjectConfigurationPlatforms) = postSolution
		{7FDE8F90-790F-4549-8E36-82F157151C06}.Debug|Any CPU.ActiveCfg = Debug|Any CPU
		{7FDE8F90-790F-4549-8E36-82F157151C06}.Debug|Any CPU.Build.0 = Debug|Any CPU
		{7FDE8F90-790F-4549-8E36-82F157151C06}.Debug|x64.ActiveCfg = Debug|x64
		{7FDE8F90-790F-4549-8E36-82F157151C06}.Debug|x64.Build.0 = Debug|x64
		{7FDE8F90-790F-4549-8E36-82F157151C06}.Release|Any CPU.ActiveCfg = Release|Any CPU
		{7FDE8F90-790F-4549-8E36-82F157151C06}.Release|Any CPU.Build.0 = Release|Any CPU
		{7FDE8F90-790F-4549-8E36-82F157151C06}.Release|x64.ActiveCfg = Release|x64
		{7FDE8F90-790F-4549-8E36-82F157151C06}.Release|x64.Build.0 = Release|x64
		{D56258FF-D167-4F32-BC69-9DA176B75344}.Debug|Any CPU.ActiveCfg = Debug|Any CPU
		{D56258FF-D167-4F32-BC69-9DA176B75344}.Debug|Any CPU.Build.0 = Debug|Any CPU
		{D56258FF-D167-4F32-BC69-9DA176B75344}.Debug|x64.ActiveCfg = Debug|x64
		{D56258FF-D167-4F32-BC69-9DA176B75344}.Debug|x64.Build.0 = Debug|x64
		{D56258FF-D167-4F32-BC69-9DA176B75344}.Release|Any CPU.ActiveCfg = Release|Any CPU
		{D56258FF-D167-4F32-BC69-9DA176B75344}.Release|Any CPU.Build.0 = Release|Any CPU
		{D56258FF-D167-4F32-BC69-9DA176B75344}.Release|x64.ActiveCfg = Release|x64
		{D56258FF-D167-4F32-BC69-9DA176B75344}.Release|x64.Build.0 = Release|x64
		{4327B2B8-BA82-40B1-8746-2DFE25BC0FC7}.Debug|Any CPU.ActiveCfg = Debug|Any CPU
		{4327B2B8-BA82-40B1-8746-2DFE25BC0FC7}.Debug|Any CPU.Build.0 = Debug|Any CPU
		{4327B2B8-BA82-40B1-8746-2DFE25BC0FC7}.Debug|x64.ActiveCfg = Debug|x64
		{4327B2B8-BA82-40B1-8746-2DFE25BC0FC7}.Debug|x64.Build.0 = Debug|x64
		{4327B2B8-BA82-40B1-8746-2DFE25BC0FC7}.Release|Any CPU.ActiveCfg = Release|Any CPU
		{4327B2B8-BA82-40B1-8746-2DFE25BC0FC7}.Release|Any CPU.Build.0 = Release|Any CPU
		{4327B2B8-BA82-40B1-8746-2DFE25BC0FC7}.Release|x64.ActiveCfg = Release|x64
		{4327B2B8-BA82-40B1-8746-2DFE25BC0FC7}.Release|x64.Build.0 = Release|x64
		{E66926FF-5B0B-44E4-A38F-E1F793A2C93F}.Debug|Any CPU.ActiveCfg = Debug|Any CPU
		{E66926FF-5B0B-44E4-A38F-E1F793A2C93F}.Debug|Any CPU.Build.0 = Debug|Any CPU
		{E66926FF-5B0B-44E4-A38F-E1F793A2C93F}.Debug|x64.ActiveCfg = Debug|x64
		{E66926FF-5B0B-44E4-A38F-E1F793A2C93F}.Debug|x64.Build.0 = Debug|x64
		{E66926FF-5B0B-44E4-A38F-E1F793A2C93F}.Release|Any CPU.ActiveCfg = Release|Any CPU
		{E66926FF-5B0B-44E4-A38F-E1F793A2C93F}.Release|Any CPU.Build.0 = Release|Any CPU
		{E66926FF-5B0B-44E4-A38F-E1F793A2C93F}.Release|x64.ActiveCfg = Release|x64
		{E66926FF-5B0B-44E4-A38F-E1F793A2C93F}.Release|x64.Build.0 = Release|x64
		{49A516B0-4936-4735-B563-6159A9991AD8}.Debug|Any CPU.ActiveCfg = Debug|Any CPU
		{49A516B0-4936-4735-B563-6159A9991AD8}.Debug|Any CPU.Build.0 = Debug|Any CPU
		{49A516B0-4936-4735-B563-6159A9991AD8}.Debug|x64.ActiveCfg = Debug|x64
		{49A516B0-4936-4735-B563-6159A9991AD8}.Debug|x64.Build.0 = Debug|x64
		{49A516B0-4936-4735-B563-6159A9991AD8}.Release|Any CPU.ActiveCfg = Release|Any CPU
		{49A516B0-4936-4735-B563-6159A9991AD8}.Release|Any CPU.Build.0 = Release|Any CPU
		{49A516B0-4936-4735-B563-6159A9991AD8}.Release|x64.ActiveCfg = Release|x64
		{49A516B0-4936-4735-B563-6159A9991AD8}.Release|x64.Build.0 = Release|x64
	EndGlobalSection
	GlobalSection(SolutionProperties) = preSolution
		HideSolutionNode = FALSE
	EndGlobalSection
	GlobalSection(ExtensibilityGlobals) = postSolution
		SolutionGuid = {6FBDD8AF-7CD3-4422-B56D-68BF6C85DB1F}
	EndGlobalSection
EndGlobal
